
Microsoft Visual Studio Solution File, Format Version 12.00
# Visual Studio Version 17
VisualStudioVersion = 17.10.34916.146
MinimumVisualStudioVersion = 10.0.40219.1
Project("{FAE04EC0-301F-11D3-BF4B-00C04F79EFBC}") = "car_rental_api_dotnet", "car_rental_api_dotnet\car_rental_api_dotnet.csproj", "{D1437A0E-199B-4845-BC0E-11A0827DD2E6}"
EndProject
Global
	GlobalSection(SolutionConfigurationPlatforms) = preSolution
		Debug|Any CPU = Debug|Any CPU
		Release|Any CPU = Release|Any CPU
	EndGlobalSection
	GlobalSection(ProjectConfigurationPlatforms) = postSolution
		{D1437A0E-199B-4845-BC0E-11A0827DD2E6}.Debug|Any CPU.ActiveCfg = Debug|Any CPU
		{D1437A0E-199B-4845-BC0E-11A0827DD2E6}.Debug|Any CPU.Build.0 = Debug|Any CPU
		{D1437A0E-199B-4845-BC0E-11A0827DD2E6}.Release|Any CPU.ActiveCfg = Release|Any CPU
		{D1437A0E-199B-4845-BC0E-11A0827DD2E6}.Release|Any CPU.Build.0 = Release|Any CPU
	EndGlobalSection
	GlobalSection(SolutionProperties) = preSolution
		HideSolutionNode = FALSE
	EndGlobalSection
	GlobalSection(ExtensibilityGlobals) = postSolution
		SolutionGuid = {DDA1CCA0-F6DB-41C1-9B60-BAC7A13F0A40}
	EndGlobalSection
EndGlobal
